# Code generated by scarb DO NOT EDIT.
version = 1

[[package]]
name = "alexandria_bytes"
version = "0.5.1"
source = "git+https://github.com/keep-starknet-strange/alexandria.git#451fe4214d1995be141f1c60d3dd4e6673448d08"
dependencies = [
 "alexandria_data_structures",
 "alexandria_math",
]

[[package]]
name = "alexandria_data_structures"
version = "0.5.1"
source = "git+https://github.com/keep-starknet-strange/alexandria.git#451fe4214d1995be141f1c60d3dd4e6673448d08"

[[package]]
name = "alexandria_encoding"
version = "0.5.1"
source = "git+https://github.com/keep-starknet-strange/alexandria.git#451fe4214d1995be141f1c60d3dd4e6673448d08"
dependencies = [
 "alexandria_bytes",
 "alexandria_data_structures",
 "alexandria_math",
 "alexandria_numeric",
]

[[package]]
name = "alexandria_math"
version = "0.5.1"
source = "git+https://github.com/keep-starknet-strange/alexandria.git#451fe4214d1995be141f1c60d3dd4e6673448d08"

[[package]]
name = "alexandria_numeric"
version = "0.5.1"
source = "git+https://github.com/keep-starknet-strange/alexandria.git#451fe4214d1995be141f1c60d3dd4e6673448d08"
dependencies = [
 "alexandria_math",
 "alexandria_searching",
]

[[package]]
name = "alexandria_searching"
version = "0.5.1"
source = "git+https://github.com/keep-starknet-strange/alexandria.git#451fe4214d1995be141f1c60d3dd4e6673448d08"
dependencies = [
 "alexandria_data_structures",
]

[[package]]
name = "custom_module_multi_cairovm"
version = "0.1.0"
dependencies = [
 "alexandria_bytes",
 "hdp_cairo",
]

[[package]]
name = "hdp_cairo"
version = "0.1.0"
source = "git+https://github.com/HerodotusDev/hdp-cairo.git#c1dc050e84524e8a93d7dfe4b8af9930b9cd7ea3"
dependencies = [
 "alexandria_bytes",
 "alexandria_encoding",
]
